
Microsoft Visual Studio Solution File, Format Version 12.00
# Visual Studio 15
VisualStudioVersion = 15.0.27130.2027
MinimumVisualStudioVersion = 10.0.40219.1
Project("{FAE04EC0-301F-11D3-BF4B-00C04F79EFBC}") = "PinnacleApiWrapper", "PinnacleApiWrapper\PinnacleApiWrapper.csproj", "{AADDB803-2E67-4D3B-A20B-FB73A021BF61}"
EndProject
Project("{FAE04EC0-301F-11D3-BF4B-00C04F79EFBC}") = "PinnacleApiWrapperTest", "PinnacleApiWrapperTest\PinnacleApiWrapperTest.csproj", "{BDBD820A-B91E-4AAD-B116-0231725654BA}"
EndProject
Global
	GlobalSection(SolutionConfigurationPlatforms) = preSolution
		Debug|Any CPU = Debug|Any CPU
		Release|Any CPU = Release|Any CPU
	EndGlobalSection
	GlobalSection(ProjectConfigurationPlatforms) = postSolution
		{AADDB803-2E67-4D3B-A20B-FB73A021BF61}.Debug|Any CPU.ActiveCfg = Debug|Any CPU
		{AADDB803-2E67-4D3B-A20B-FB73A021BF61}.Debug|Any CPU.Build.0 = Debug|Any CPU
		{AADDB803-2E67-4D3B-A20B-FB73A021BF61}.Release|Any CPU.ActiveCfg = Release|Any CPU
		{AADDB803-2E67-4D3B-A20B-FB73A021BF61}.Release|Any CPU.Build.0 = Release|Any CPU
		{BDBD820A-B91E-4AAD-B116-0231725654BA}.Debug|Any CPU.ActiveCfg = Debug|Any CPU
		{BDBD820A-B91E-4AAD-B116-0231725654BA}.Debug|Any CPU.Build.0 = Debug|Any CPU
		{BDBD820A-B91E-4AAD-B116-0231725654BA}.Release|Any CPU.ActiveCfg = Release|Any CPU
		{BDBD820A-B91E-4AAD-B116-0231725654BA}.Release|Any CPU.Build.0 = Release|Any CPU
	EndGlobalSection
	GlobalSection(SolutionProperties) = preSolution
		HideSolutionNode = FALSE
	EndGlobalSection
	GlobalSection(ExtensibilityGlobals) = postSolution
		SolutionGuid = {87DC8193-6C76-488F-936A-CCD406CF32BA}
	EndGlobalSection
EndGlobal
